
Microsoft Visual Studio Solution File, Format Version 12.00
# Visual Studio Version 16
VisualStudioVersion = 16.0.29911.84
MinimumVisualStudioVersion = 10.0.40219.1
Project("{FAE04EC0-301F-11D3-BF4B-00C04F79EFBC}") = "WebRoleBasedSecurity", "WebRoleBasedSecurity\WebRoleBasedSecurity.csproj", "{23AFB793-C5DD-4BAE-8C8C-042874BF4F1A}"
EndProject
Global
	GlobalSection(SolutionConfigurationPlatforms) = preSolution
		Debug|Any CPU = Debug|Any CPU
		Release|Any CPU = Release|Any CPU
	EndGlobalSection
	GlobalSection(ProjectConfigurationPlatforms) = postSolution
		{23AFB793-C5DD-4BAE-8C8C-042874BF4F1A}.Debug|Any CPU.ActiveCfg = Debug|Any CPU
		{23AFB793-C5DD-4BAE-8C8C-042874BF4F1A}.Debug|Any CPU.Build.0 = Debug|Any CPU
		{23AFB793-C5DD-4BAE-8C8C-042874BF4F1A}.Release|Any CPU.ActiveCfg = Release|Any CPU
		{23AFB793-C5DD-4BAE-8C8C-042874BF4F1A}.Release|Any CPU.Build.0 = Release|Any CPU
	EndGlobalSection
	GlobalSection(SolutionProperties) = preSolution
		HideSolutionNode = FALSE
	EndGlobalSection
	GlobalSection(ExtensibilityGlobals) = postSolution
		SolutionGuid = {444EE76D-89A1-4C1D-BAE0-9768A807A9A4}
	EndGlobalSection
EndGlobal
