
Microsoft Visual Studio Solution File, Format Version 12.00
# Visual Studio Version 16
VisualStudioVersion = 16.0.31229.75
MinimumVisualStudioVersion = 10.0.40219.1
Project("{FAE04EC0-301F-11D3-BF4B-00C04F79EFBC}") = "WebAppSecure", "WebAppSecure\WebAppSecure.csproj", "{B95BB71F-A3A6-4D0D-841B-3250584BDC52}"
EndProject
Global
	GlobalSection(SolutionConfigurationPlatforms) = preSolution
		Debug|Any CPU = Debug|Any CPU
		Release|Any CPU = Release|Any CPU
	EndGlobalSection
	GlobalSection(ProjectConfigurationPlatforms) = postSolution
		{B95BB71F-A3A6-4D0D-841B-3250584BDC52}.Debug|Any CPU.ActiveCfg = Debug|Any CPU
		{B95BB71F-A3A6-4D0D-841B-3250584BDC52}.Debug|Any CPU.Build.0 = Debug|Any CPU
		{B95BB71F-A3A6-4D0D-841B-3250584BDC52}.Release|Any CPU.ActiveCfg = Release|Any CPU
		{B95BB71F-A3A6-4D0D-841B-3250584BDC52}.Release|Any CPU.Build.0 = Release|Any CPU
	EndGlobalSection
	GlobalSection(SolutionProperties) = preSolution
		HideSolutionNode = FALSE
	EndGlobalSection
	GlobalSection(ExtensibilityGlobals) = postSolution
		SolutionGuid = {A4D347D7-EADC-400B-9D10-143ADA6E5171}
	EndGlobalSection
EndGlobal
